{
  "name": "woocommerce-extra-checkout-fields-for-brazil",
  "version": "3.6.0",
  "lockfileVersion": 3,
  "requires": true,
  "packages": {
    "": {
      "name": "woocommerce-extra-checkout-fields-for-brazil",
      "version": "3.6.0",
      "devDependencies": {},
      "engines": {
        "node": ">=0.8.0",
        "npm": ">=1.1.0"
      }
    }
  }
}
